
Microsoft Visual Studio Solution File, Format Version 12.00
# Visual Studio Version 16
VisualStudioVersion = 16.0.30413.136
MinimumVisualStudioVersion = 10.0.40219.1
Project("{FAE04EC0-301F-11D3-BF4B-00C04F79EFBC}") = "SalesManagementSystem", "SalesManagementSystem.csproj", "{485A28BE-50DC-4344-A5C9-3D4D455C4F91}"
EndProject
Global
	GlobalSection(SolutionConfigurationPlatforms) = preSolution
		Debug|Any CPU = Debug|Any CPU
		Release|Any CPU = Release|Any CPU
	EndGlobalSection
	GlobalSection(ProjectConfigurationPlatforms) = postSolution
		{485A28BE-50DC-4344-A5C9-3D4D455C4F91}.Debug|Any CPU.ActiveCfg = Debug|Any CPU
		{485A28BE-50DC-4344-A5C9-3D4D455C4F91}.Debug|Any CPU.Build.0 = Debug|Any CPU
		{485A28BE-50DC-4344-A5C9-3D4D455C4F91}.Release|Any CPU.ActiveCfg = Release|Any CPU
		{485A28BE-50DC-4344-A5C9-3D4D455C4F91}.Release|Any CPU.Build.0 = Release|Any CPU
	EndGlobalSection
	GlobalSection(SolutionProperties) = preSolution
		HideSolutionNode = FALSE
	EndGlobalSection
	GlobalSection(ExtensibilityGlobals) = postSolution
		SolutionGuid = {0D5E335B-19A5-45C1-8932-18FB93D4F1D8}
	EndGlobalSection
EndGlobal
